
Microsoft Visual Studio Solution File, Format Version 12.00
# Visual Studio Version 16
VisualStudioVersion = 16.0.29806.167
MinimumVisualStudioVersion = 10.0.40219.1
Project("{8BC9CEB8-8B4A-11D0-8D11-00A0C91BC942}") = "HLS_Multihack", "HLS_Multihack\HLS_Multihack.vcxproj", "{77EA2E7A-7931-459F-A72B-8AA9C7524294}"
EndProject
Global
	GlobalSection(SolutionConfigurationPlatforms) = preSolution
		Debug|x64 = Debug|x64
		Debug|x86 = Debug|x86
		Release|x64 = Release|x64
		Release|x86 = Release|x86
	EndGlobalSection
	GlobalSection(ProjectConfigurationPlatforms) = postSolution
		{77EA2E7A-7931-459F-A72B-8AA9C7524294}.Debug|x64.ActiveCfg = Debug|x64
		{77EA2E7A-7931-459F-A72B-8AA9C7524294}.Debug|x64.Build.0 = Debug|x64
		{77EA2E7A-7931-459F-A72B-8AA9C7524294}.Debug|x86.ActiveCfg = Debug|Win32
		{77EA2E7A-7931-459F-A72B-8AA9C7524294}.Debug|x86.Build.0 = Debug|Win32
		{77EA2E7A-7931-459F-A72B-8AA9C7524294}.Release|x64.ActiveCfg = Release|x64
		{77EA2E7A-7931-459F-A72B-8AA9C7524294}.Release|x64.Build.0 = Release|x64
		{77EA2E7A-7931-459F-A72B-8AA9C7524294}.Release|x86.ActiveCfg = Release|Win32
		{77EA2E7A-7931-459F-A72B-8AA9C7524294}.Release|x86.Build.0 = Release|Win32
	EndGlobalSection
	GlobalSection(SolutionProperties) = preSolution
		HideSolutionNode = FALSE
	EndGlobalSection
	GlobalSection(ExtensibilityGlobals) = postSolution
		SolutionGuid = {89F06CEE-9165-494E-9657-A037A2983DDE}
	EndGlobalSection
EndGlobal
